{
  "name": "react-konva-editor",
  "version": "1.0.0",
  "lockfileVersion": 1,
  "requires": true,
  "dependencies": {
    "@types/lodash": {
      "version": "4.14.181",
      "resolved": "https://registry.npmjs.org/@types/lodash/-/lodash-4.14.181.tgz",
      "integrity": "sha512-n3tyKthHJbkiWhDZs3DkhkCzt2MexYHXlX0td5iMplyfwketaOeKboEVBqzceH7juqvEg3q5oUoBFxSLu7zFag==",
      "dev": true
    },
    "@types/prop-types": {
      "version": "15.7.5",
      "resolved": "https://registry.npmjs.org/@types/prop-types/-/prop-types-15.7.5.tgz",
      "integrity": "sha512-JCB8C6SnDoQf0cNycqd/35A7MjcnK+ZTqE7judS6o7utxUCg6imJg3QK2qzHKszlTjcj2cn+NwMB2i96ubpj7w==",
      "dev": true
    },
    "@types/react": {
      "version": "18.0.5",
      "resolved": "https://registry.npmjs.org/@types/react/-/react-18.0.5.tgz",
      "integrity": "sha512-UPxNGInDCIKlfqBrm8LDXYWNfLHwIdisWcsH5GpMyGjhEDLFgTtlRBaoWuCua9HcyuE0rMkmAeZ3FXV1pYLIYQ==",
      "dev": true,
      "requires": {
        "@types/prop-types": "*",
        "@types/scheduler": "*",
        "csstype": "^3.0.2"
      }
    },
    "@types/react-reconciler": {
      "version": "0.26.4",
      "resolved": "https://registry.npmjs.org/@types/react-reconciler/-/react-reconciler-0.26.4.tgz",
      "integrity": "sha512-bdx4aIBkQRDAnzc23JBFeZmVpmfLJHfHikmQukEt9qs4bQtq9f+PDbNwhR9u74FkIUyIDz1I1qJ8OF6RwadKpw==",
      "dev": true,
      "requires": {
        "@types/react": "*"
      }
    },
    "@types/scheduler": {
      "version": "0.16.2",
      "resolved": "https://registry.npmjs.org/@types/scheduler/-/scheduler-0.16.2.tgz",
      "integrity": "sha512-hppQEBDmlwhFAXKJX2KnWLYu5yMfi91yazPb2l+lbJiwW+wdo1gNeRA+3RgNSO39WYX2euey41KEwnqesU2Jew==",
      "dev": true
    },
    "csstype": {
      "version": "3.0.11",
      "resolved": "https://registry.npmjs.org/csstype/-/csstype-3.0.11.tgz",
      "integrity": "sha512-sa6P2wJ+CAbgyy4KFssIb/JNMLxFvKF1pCYCSXS8ZMuqZnMsrxqI2E5sPyoTpxoPU/gVZMzr2zjOfg8GIZOMsw==",
      "dev": true
    },
    "js-tokens": {
      "version": "4.0.0",
      "resolved": "https://registry.npmjs.org/js-tokens/-/js-tokens-4.0.0.tgz",
      "integrity": "sha512-RdJUflcE3cUzKiMqQgsCu06FPu9UdIJO0beYbPhHN4k6apgJtifcoCtT9bcxOpYBtpD2kCM6Sbzg4CausW/PKQ=="
    },
    "konva": {
      "version": "8.3.5",
      "resolved": "https://registry.npmjs.org/konva/-/konva-8.3.5.tgz",
      "integrity": "sha512-RjaZN8PwZN3n/AlqLmtPNozLRXd6pPo11UawTJpvuOAKEkSQSXI1EHntDRIPnrrJ/j4gU0VmPzWs7/ZgLZnAPQ=="
    },
    "lodash": {
      "version": "4.17.21",
      "resolved": "https://registry.npmjs.org/lodash/-/lodash-4.17.21.tgz",
      "integrity": "sha512-v2kDEe57lecTulaDIuNTPy3Ry4gLGJ6Z1O3vE1krgXZNrsQ+LFTGHVxVjcXPs17LhbZVGedAJv8XZ1tvj5FvSg=="
    },
    "loose-envify": {
      "version": "1.4.0",
      "resolved": "https://registry.npmjs.org/loose-envify/-/loose-envify-1.4.0.tgz",
      "integrity": "sha512-lyuxPGr/Wfhrlem2CL/UcnUc1zcqKAImBDzukY7Y5F/yQiNdko6+fRLevlw1HgMySw7f611UIY408EtxRSoK3Q==",
      "requires": {
        "js-tokens": "^3.0.0 || ^4.0.0"
      }
    },
    "react": {
      "version": "18.0.0",
      "resolved": "https://registry.npmjs.org/react/-/react-18.0.0.tgz",
      "integrity": "sha512-x+VL6wbT4JRVPm7EGxXhZ8w8LTROaxPXOqhlGyVSrv0sB1jkyFGgXxJ8LVoPRLvPR6/CIZGFmfzqUa2NYeMr2A==",
      "requires": {
        "loose-envify": "^1.1.0"
      }
    },
    "react-konva": {
      "version": "18.0.0-0",
      "resolved": "https://registry.npmjs.org/react-konva/-/react-konva-18.0.0-0.tgz",
      "integrity": "sha512-ft5gmzrHExYDhdrDDGqHPdUEJDXVTtkYoAncPMir1nR/Ib/ck7wfFz/UYNLIRzKEvbXlBvFNcW/RXp8xIB3bTw==",
      "requires": {
        "react-reconciler": "~0.27.0",
        "scheduler": "^0.21.0"
      }
    },
    "react-reconciler": {
      "version": "0.27.0",
      "resolved": "https://registry.npmjs.org/react-reconciler/-/react-reconciler-0.27.0.tgz",
      "integrity": "sha512-HmMDKciQjYmBRGuuhIaKA1ba/7a+UsM5FzOZsMO2JYHt9Jh8reCb7j1eDC95NOyUlKM9KRyvdx0flBuDvYSBoA==",
      "requires": {
        "loose-envify": "^1.1.0",
        "scheduler": "^0.21.0"
      }
    },
    "scheduler": {
      "version": "0.21.0",
      "resolved": "https://registry.npmjs.org/scheduler/-/scheduler-0.21.0.tgz",
      "integrity": "sha512-1r87x5fz9MXqswA2ERLo0EbOAU74DpIUO090gIasYTqlVoJeMcl+Z1Rg7WHz+qtPujhS/hGIt9kxZOYBV3faRQ==",
      "requires": {
        "loose-envify": "^1.1.0"
      }
    },
    "tinykeys": {
      "version": "1.4.0",
      "resolved": "https://registry.npmjs.org/tinykeys/-/tinykeys-1.4.0.tgz",
      "integrity": "sha512-ysnVd2E4nWbNXIbHaUidcKGLTmNimqP0hdpsD0Ph5hPJ84ntCF6PHj+Jg3im9nZt9/hNsBg/E6m1psHc2KaPnQ=="
    },
    "typescript": {
      "version": "4.6.3",
      "resolved": "https://registry.npmjs.org/typescript/-/typescript-4.6.3.tgz",
      "integrity": "sha512-yNIatDa5iaofVozS/uQJEl3JRWLKKGJKh6Yaiv0GLGSuhpFJe7P3SbHZ8/yjAHRQwKRoA6YZqlfjXWmVzoVSMw==",
      "dev": true
    },
    "use-image": {
      "version": "1.0.12",
      "resolved": "https://registry.npmjs.org/use-image/-/use-image-1.0.12.tgz",
      "integrity": "sha512-h6tCbHSvZOyrAKGkj4LTAyOUcMtL6NFyQdmP1M2spuClZrmyPe6nfB/NaFu135a2KKUt+7oGeUdvCiHcMdJerw=="
    }
  }
}
